// !$*UTF8*$!
{
	archiveVersion = 1;
	classes = {
	};
	objectVersion = 50;
	objects = {

/* Begin PBXBuildFile section */
		C944509B2321122100E065ED /* PersistenceService.swift in Sources */ = {isa = PBXBuildFile; fileRef = C944509A2321122100E065ED /* PersistenceService.swift */; };
		C944509D232113A500E065ED /* StartViewModel.swift in Sources */ = {isa = PBXBuildFile; fileRef = C944509C232113A500E065ED /* StartViewModel.swift */; };
		C94450A72321211E00E065ED /* Task+CoreDataClass.swift in Sources */ = {isa = PBXBuildFile; fileRef = C94450A52321211E00E065ED /* Task+CoreDataClass.swift */; };
		C94450A82321211E00E065ED /* Task+CoreDataProperties.swift in Sources */ = {isa = PBXBuildFile; fileRef = C94450A62321211E00E065ED /* Task+CoreDataProperties.swift */; };
		C94450AA2321358E00E065ED /* Alert.swift in Sources */ = {isa = PBXBuildFile; fileRef = C94450A92321358E00E065ED /* Alert.swift */; };
		C947ADDF231FF6C500B6CB55 /* AppDelegate.swift in Sources */ = {isa = PBXBuildFile; fileRef = C947ADDE231FF6C500B6CB55 /* AppDelegate.swift */; };
		C947ADE1231FF6C500B6CB55 /* StartViewController.swift in Sources */ = {isa = PBXBuildFile; fileRef = C947ADE0231FF6C500B6CB55 /* StartViewController.swift */; };
		C947ADE4231FF6C500B6CB55 /* Main.storyboard in Resources */ = {isa = PBXBuildFile; fileRef = C947ADE2231FF6C500B6CB55 /* Main.storyboard */; };
		C947ADE6231FF6C700B6CB55 /* Assets.xcassets in Resources */ = {isa = PBXBuildFile; fileRef = C947ADE5231FF6C700B6CB55 /* Assets.xcassets */; };
		C947ADE9231FF6C700B6CB55 /* LaunchScreen.storyboard in Resources */ = {isa = PBXBuildFile; fileRef = C947ADE7231FF6C700B6CB55 /* LaunchScreen.storyboard */; };
		C947ADF1231FF95900B6CB55 /* DetailViewController.swift in Sources */ = {isa = PBXBuildFile; fileRef = C947ADF0231FF95900B6CB55 /* DetailViewController.swift */; };
		C94B037C232259F60054F340 /* DetailViewModel.swift in Sources */ = {isa = PBXBuildFile; fileRef = C94B037B232259F60054F340 /* DetailViewModel.swift */; };
		C97102D9232002AB0090A8E6 /* TableViewCell.swift in Sources */ = {isa = PBXBuildFile; fileRef = C97102D8232002AB0090A8E6 /* TableViewCell.swift */; };
		C97102DC232007060090A8E6 /* ToDoApp.xcdatamodeld in Sources */ = {isa = PBXBuildFile; fileRef = C97102DA232007060090A8E6 /* ToDoApp.xcdatamodeld */; };
		C97102E423200CDB0090A8E6 /* ButtonView.swift in Sources */ = {isa = PBXBuildFile; fileRef = C97102E323200CDB0090A8E6 /* ButtonView.swift */; };
/* End PBXBuildFile section */

/* Begin PBXFileReference section */
		C944509A2321122100E065ED /* PersistenceService.swift */ = {isa = PBXFileReference; lastKnownFileType = sourcecode.swift; path = PersistenceService.swift; sourceTree = "<group>"; };
		C944509C232113A500E065ED /* StartViewModel.swift */ = {isa = PBXFileReference; lastKnownFileType = sourcecode.swift; path = StartViewModel.swift; sourceTree = "<group>"; };
		C94450A52321211E00E065ED /* Task+CoreDataClass.swift */ = {isa = PBXFileReference; lastKnownFileType = sourcecode.swift; path = "Task+CoreDataClass.swift"; sourceTree = "<group>"; };
		C94450A62321211E00E065ED /* Task+CoreDataProperties.swift */ = {isa = PBXFileReference; lastKnownFileType = sourcecode.swift; path = "Task+CoreDataProperties.swift"; sourceTree = "<group>"; };
		C94450A92321358E00E065ED /* Alert.swift */ = {isa = PBXFileReference; lastKnownFileType = sourcecode.swift; path = Alert.swift; sourceTree = "<group>"; };
		C947ADDB231FF6C500B6CB55 /* ToDoAppProj.app */ = {isa = PBXFileReference; explicitFileType = wrapper.application; includeInIndex = 0; path = ToDoAppProj.app; sourceTree = BUILT_PRODUCTS_DIR; };
		C947ADDE231FF6C500B6CB55 /* AppDelegate.swift */ = {isa = PBXFileReference; lastKnownFileType = sourcecode.swift; path = AppDelegate.swift; sourceTree = "<group>"; };
		C947ADE0231FF6C500B6CB55 /* StartViewController.swift */ = {isa = PBXFileReference; lastKnownFileType = sourcecode.swift; path = StartViewController.swift; sourceTree = "<group>"; };
		C947ADE3231FF6C500B6CB55 /* Base */ = {isa = PBXFileReference; lastKnownFileType = file.storyboard; name = Base; path = Base.lproj/Main.storyboard; sourceTree = "<group>"; };
		C947ADE5231FF6C700B6CB55 /* Assets.xcassets */ = {isa = PBXFileReference; lastKnownFileType = folder.assetcatalog; path = Assets.xcassets; sourceTree = "<group>"; };
		C947ADE8231FF6C700B6CB55 /* Base */ = {isa = PBXFileReference; lastKnownFileType = file.storyboard; name = Base; path = Base.lproj/LaunchScreen.storyboard; sourceTree = "<group>"; };
		C947ADEA231FF6C700B6CB55 /* Info.plist */ = {isa = PBXFileReference; lastKnownFileType = text.plist.xml; path = Info.plist; sourceTree = "<group>"; };
		C947ADF0231FF95900B6CB55 /* DetailViewController.swift */ = {isa = PBXFileReference; lastKnownFileType = sourcecode.swift; path = DetailViewController.swift; sourceTree = "<group>"; };
		C94B037B232259F60054F340 /* DetailViewModel.swift */ = {isa = PBXFileReference; lastKnownFileType = sourcecode.swift; path = DetailViewModel.swift; sourceTree = "<group>"; };
		C97102D8232002AB0090A8E6 /* TableViewCell.swift */ = {isa = PBXFileReference; lastKnownFileType = sourcecode.swift; path = TableViewCell.swift; sourceTree = "<group>"; };
		C97102DB232007060090A8E6 /* Task.xcdatamodel */ = {isa = PBXFileReference; lastKnownFileType = wrapper.xcdatamodel; path = Task.xcdatamodel; sourceTree = "<group>"; };
		C97102E323200CDB0090A8E6 /* ButtonView.swift */ = {isa = PBXFileReference; lastKnownFileType = sourcecode.swift; path = ButtonView.swift; sourceTree = "<group>"; };
/* End PBXFileReference section */

/* Begin PBXFrameworksBuildPhase section */
		C947ADD8231FF6C500B6CB55 /* Frameworks */ = {
			isa = PBXFrameworksBuildPhase;
			buildActionMask = 2147483647;
			files = (
			);
			runOnlyForDeploymentPostprocessing = 0;
		};
/* End PBXFrameworksBuildPhase section */

/* Begin PBXGroup section */
		C944509E2321140200E065ED /* View */ = {
			isa = PBXGroup;
			children = (
				C947ADE2231FF6C500B6CB55 /* Main.storyboard */,
				C97102D8232002AB0090A8E6 /* TableViewCell.swift */,
			);
			path = View;
			sourceTree = "<group>";
		};
		C947ADD2231FF6C500B6CB55 = {
			isa = PBXGroup;
			children = (
				C947ADDD231FF6C500B6CB55 /* ToDoApp */,
				C947ADDC231FF6C500B6CB55 /* Products */,
			);
			sourceTree = "<group>";
		};
		C947ADDC231FF6C500B6CB55 /* Products */ = {
			isa = PBXGroup;
			children = (
				C947ADDB231FF6C500B6CB55 /* ToDoAppProj.app */,
			);
			name = Products;
			sourceTree = "<group>";
		};
		C947ADDD231FF6C500B6CB55 /* ToDoApp */ = {
			isa = PBXGroup;
			children = (
				C9699D5023254A6B002E6EB2 /* Service */,
				C944509E2321140200E065ED /* View */,
				C97102E223200C970090A8E6 /* Helpers */,
				C947ADF4231FFA1400B6CB55 /* Controller */,
				C947ADF3231FFA0F00B6CB55 /* ViewModel */,
				C947ADF2231FFA0800B6CB55 /* Model */,
				C947ADDE231FF6C500B6CB55 /* AppDelegate.swift */,
				C947ADE5231FF6C700B6CB55 /* Assets.xcassets */,
				C947ADE7231FF6C700B6CB55 /* LaunchScreen.storyboard */,
				C947ADEA231FF6C700B6CB55 /* Info.plist */,
			);
			name = ToDoApp;
			path = ToDoAppProj;
			sourceTree = "<group>";
		};
		C947ADF2231FFA0800B6CB55 /* Model */ = {
			isa = PBXGroup;
			children = (
				C94450A62321211E00E065ED /* Task+CoreDataProperties.swift */,
				C94450A52321211E00E065ED /* Task+CoreDataClass.swift */,
				C97102DA232007060090A8E6 /* ToDoApp.xcdatamodeld */,
			);
			path = Model;
			sourceTree = "<group>";
		};
		C947ADF3231FFA0F00B6CB55 /* ViewModel */ = {
			isa = PBXGroup;
			children = (
				C944509C232113A500E065ED /* StartViewModel.swift */,
				C94B037B232259F60054F340 /* DetailViewModel.swift */,
			);
			path = ViewModel;
			sourceTree = "<group>";
		};
		C947ADF4231FFA1400B6CB55 /* Controller */ = {
			isa = PBXGroup;
			children = (
				C947ADE0231FF6C500B6CB55 /* StartViewController.swift */,
				C947ADF0231FF95900B6CB55 /* DetailViewController.swift */,
			);
			path = Controller;
			sourceTree = "<group>";
		};
		C9699D5023254A6B002E6EB2 /* Service */ = {
			isa = PBXGroup;
			children = (
				C944509A2321122100E065ED /* PersistenceService.swift */,
			);
			path = Service;
			sourceTree = "<group>";
		};
		C97102E223200C970090A8E6 /* Helpers */ = {
			isa = PBXGroup;
			children = (
				C97102E323200CDB0090A8E6 /* ButtonView.swift */,
				C94450A92321358E00E065ED /* Alert.swift */,
			);
			path = Helpers;
			sourceTree = "<group>";
		};
/* End PBXGroup section */

/* Begin PBXNativeTarget section */
		C947ADDA231FF6C500B6CB55 /* ToDoAppProj */ = {
			isa = PBXNativeTarget;
			buildConfigurationList = C947ADED231FF6C700B6CB55 /* Build configuration list for PBXNativeTarget "ToDoAppProj" */;
			buildPhases = (
				C947ADD7231FF6C500B6CB55 /* Sources */,
				C947ADD8231FF6C500B6CB55 /* Frameworks */,
				C947ADD9231FF6C500B6CB55 /* Resources */,
			);
			buildRules = (
			);
			dependencies = (
			);
			name = ToDoAppProj;
			productName = ToDoApp;
			productReference = C947ADDB231FF6C500B6CB55 /* ToDoAppProj.app */;
			productType = "com.apple.product-type.application";
		};
/* End PBXNativeTarget section */

/* Begin PBXProject section */
		C947ADD3231FF6C500B6CB55 /* Project object */ = {
			isa = PBXProject;
			attributes = {
				LastSwiftUpdateCheck = 1010;
				LastUpgradeCheck = 1010;
				ORGANIZATIONNAME = XCodeClub;
				TargetAttributes = {
					C947ADDA231FF6C500B6CB55 = {
						CreatedOnToolsVersion = 10.1;
					};
				};
			};
			buildConfigurationList = C947ADD6231FF6C500B6CB55 /* Build configuration list for PBXProject "ToDoAppProj" */;
			compatibilityVersion = "Xcode 9.3";
			developmentRegion = en;
			hasScannedForEncodings = 0;
			knownRegions = (
				en,
				Base,
			);
			mainGroup = C947ADD2231FF6C500B6CB55;
			productRefGroup = C947ADDC231FF6C500B6CB55 /* Products */;
			projectDirPath = "";
			projectRoot = "";
			targets = (
				C947ADDA231FF6C500B6CB55 /* ToDoAppProj */,
			);
		};
/* End PBXProject section */

/* Begin PBXResourcesBuildPhase section */
		C947ADD9231FF6C500B6CB55 /* Resources */ = {
			isa = PBXResourcesBuildPhase;
			buildActionMask = 2147483647;
			files = (
				C947ADE9231FF6C700B6CB55 /* LaunchScreen.storyboard in Resources */,
				C947ADE6231FF6C700B6CB55 /* Assets.xcassets in Resources */,
				C947ADE4231FF6C500B6CB55 /* Main.storyboard in Resources */,
			);
			runOnlyForDeploymentPostprocessing = 0;
		};
/* End PBXResourcesBuildPhase section */

/* Begin PBXSourcesBuildPhase section */
		C947ADD7231FF6C500B6CB55 /* Sources */ = {
			isa = PBXSourcesBuildPhase;
			buildActionMask = 2147483647;
			files = (
				C947ADF1231FF95900B6CB55 /* DetailViewController.swift in Sources */,
				C97102E423200CDB0090A8E6 /* ButtonView.swift in Sources */,
				C944509B2321122100E065ED /* PersistenceService.swift in Sources */,
				C944509D232113A500E065ED /* StartViewModel.swift in Sources */,
				C94450A82321211E00E065ED /* Task+CoreDataProperties.swift in Sources */,
				C97102D9232002AB0090A8E6 /* TableViewCell.swift in Sources */,
				C94450AA2321358E00E065ED /* Alert.swift in Sources */,
				C947ADE1231FF6C500B6CB55 /* StartViewController.swift in Sources */,
				C94450A72321211E00E065ED /* Task+CoreDataClass.swift in Sources */,
				C94B037C232259F60054F340 /* DetailViewModel.swift in Sources */,
				C97102DC232007060090A8E6 /* ToDoApp.xcdatamodeld in Sources */,
				C947ADDF231FF6C500B6CB55 /* AppDelegate.swift in Sources */,
			);
			runOnlyForDeploymentPostprocessing = 0;
		};
/* End PBXSourcesBuildPhase section */

/* Begin PBXVariantGroup section */
		C947ADE2231FF6C500B6CB55 /* Main.storyboard */ = {
			isa = PBXVariantGroup;
			children = (
				C947ADE3231FF6C500B6CB55 /* Base */,
			);
			name = Main.storyboard;
			sourceTree = "<group>";
		};
		C947ADE7231FF6C700B6CB55 /* LaunchScreen.storyboard */ = {
			isa = PBXVariantGroup;
			children = (
				C947ADE8231FF6C700B6CB55 /* Base */,
			);
			name = LaunchScreen.storyboard;
			sourceTree = "<group>";
		};
/* End PBXVariantGroup section */

/* Begin XCBuildConfiguration section */
		C947ADEB231FF6C700B6CB55 /* Debug */ = {
			isa = XCBuildConfiguration;
			buildSettings = {
				ALWAYS_SEARCH_USER_PATHS = NO;
				CLANG_ANALYZER_NONNULL = YES;
				CLANG_ANALYZER_NUMBER_OBJECT_CONVERSION = YES_AGGRESSIVE;
				CLANG_CXX_LANGUAGE_STANDARD = "gnu++14";
				CLANG_CXX_LIBRARY = "libc++";
				CLANG_ENABLE_MODULES = YES;
				CLANG_ENABLE_OBJC_ARC = YES;
				CLANG_ENABLE_OBJC_WEAK = YES;
				CLANG_WARN_BLOCK_CAPTURE_AUTORELEASING = YES;
				CLANG_WARN_BOOL_CONVERSION = YES;
				CLANG_WARN_COMMA = YES;
				CLANG_WARN_CONSTANT_CONVERSION = YES;
				CLANG_WARN_DEPRECATED_OBJC_IMPLEMENTATIONS = YES;
				CLANG_WARN_DIRECT_OBJC_ISA_USAGE = YES_ERROR;
				CLANG_WARN_DOCUMENTATION_COMMENTS = YES;
				CLANG_WARN_EMPTY_BODY = YES;
				CLANG_WARN_ENUM_CONVERSION = YES;
				CLANG_WARN_INFINITE_RECURSION = YES;
				CLANG_WARN_INT_CONVERSION = YES;
				CLANG_WARN_NON_LITERAL_NULL_CONVERSION = YES;
				CLANG_WARN_OBJC_IMPLICIT_RETAIN_SELF = YES;
				CLANG_WARN_OBJC_LITERAL_CONVERSION = YES;
				CLANG_WARN_OBJC_ROOT_CLASS = YES_ERROR;
				CLANG_WARN_RANGE_LOOP_ANALYSIS = YES;
				CLANG_WARN_STRICT_PROTOTYPES = YES;
				CLANG_WARN_SUSPICIOUS_MOVE = YES;
				CLANG_WARN_UNGUARDED_AVAILABILITY = YES_AGGRESSIVE;
				CLANG_WARN_UNREACHABLE_CODE = YES;
				CLANG_WARN__DUPLICATE_METHOD_MATCH = YES;
				CODE_SIGN_IDENTITY = "iPhone Developer";
				COPY_PHASE_STRIP = NO;
				DEBUG_INFORMATION_FORMAT = dwarf;
				ENABLE_STRICT_OBJC_MSGSEND = YES;
				ENABLE_TESTABILITY = YES;
				GCC_C_LANGUAGE_STANDARD = gnu11;
				GCC_DYNAMIC_NO_PIC = NO;
				GCC_NO_COMMON_BLOCKS = YES;
				GCC_OPTIMIZATION_LEVEL = 0;
				GCC_PREPROCESSOR_DEFINITIONS = (
					"DEBUG=1",
					"$(inherited)",
				);
				GCC_WARN_64_TO_32_BIT_CONVERSION = YES;
				GCC_WARN_ABOUT_RETURN_TYPE = YES_ERROR;
				GCC_WARN_UNDECLARED_SELECTOR = YES;
				GCC_WARN_UNINITIALIZED_AUTOS = YES_AGGRESSIVE;
				GCC_WARN_UNUSED_FUNCTION = YES;
				GCC_WARN_UNUSED_VARIABLE = YES;
				IPHONEOS_DEPLOYMENT_TARGET = 12.1;
				MTL_ENABLE_DEBUG_INFO = INCLUDE_SOURCE;
				MTL_FAST_MATH = YES;
				ONLY_ACTIVE_ARCH = YES;
				SDKROOT = iphoneos;
				SWIFT_ACTIVE_COMPILATION_CONDITIONS = DEBUG;
				SWIFT_OPTIMIZATION_LEVEL = "-Onone";
			};
			name = Debug;
		};
		C947ADEC231FF6C700B6CB55 /* Release */ = {
			isa = XCBuildConfiguration;
			buildSettings = {
				ALWAYS_SEARCH_USER_PATHS = NO;
				CLANG_ANALYZER_NONNULL = YES;
				CLANG_ANALYZER_NUMBER_OBJECT_CONVERSION = YES_AGGRESSIVE;
				CLANG_CXX_LANGUAGE_STANDARD = "gnu++14";
				CLANG_CXX_LIBRARY = "libc++";
				CLANG_ENABLE_MODULES = YES;
				CLANG_ENABLE_OBJC_ARC = YES;
				CLANG_ENABLE_OBJC_WEAK = YES;
				CLANG_WARN_BLOCK_CAPTURE_AUTORELEASING = YES;
				CLANG_WARN_BOOL_CONVERSION = YES;
				CLANG_WARN_COMMA = YES;
				CLANG_WARN_CONSTANT_CONVERSION = YES;
				CLANG_WARN_DEPRECATED_OBJC_IMPLEMENTATIONS = YES;
				CLANG_WARN_DIRECT_OBJC_ISA_USAGE = YES_ERROR;
				CLANG_WARN_DOCUMENTATION_COMMENTS = YES;
				CLANG_WARN_EMPTY_BODY = YES;
				CLANG_WARN_ENUM_CONVERSION = YES;
				CLANG_WARN_INFINITE_RECURSION = YES;
				CLANG_WARN_INT_CONVERSION = YES;
				CLANG_WARN_NON_LITERAL_NULL_CONVERSION = YES;
				CLANG_WARN_OBJC_IMPLICIT_RETAIN_SELF = YES;
				CLANG_WARN_OBJC_LITERAL_CONVERSION = YES;
				CLANG_WARN_OBJC_ROOT_CLASS = YES_ERROR;
				CLANG_WARN_RANGE_LOOP_ANALYSIS = YES;
				CLANG_WARN_STRICT_PROTOTYPES = YES;
				CLANG_WARN_SUSPICIOUS_MOVE = YES;
				CLANG_WARN_UNGUARDED_AVAILABILITY = YES_AGGRESSIVE;
				CLANG_WARN_UNREACHABLE_CODE = YES;
				CLANG_WARN__DUPLICATE_METHOD_MATCH = YES;
				CODE_SIGN_IDENTITY = "iPhone Developer";
				COPY_PHASE_STRIP = NO;
				DEBUG_INFORMATION_FORMAT = "dwarf-with-dsym";
				ENABLE_NS_ASSERTIONS = NO;
				ENABLE_STRICT_OBJC_MSGSEND = YES;
				GCC_C_LANGUAGE_STANDARD = gnu11;
				GCC_NO_COMMON_BLOCKS = YES;
				GCC_WARN_64_TO_32_BIT_CONVERSION = YES;
				GCC_WARN_ABOUT_RETURN_TYPE = YES_ERROR;
				GCC_WARN_UNDECLARED_SELECTOR = YES;
				GCC_WARN_UNINITIALIZED_AUTOS = YES_AGGRESSIVE;
				GCC_WARN_UNUSED_FUNCTION = YES;
				GCC_WARN_UNUSED_VARIABLE = YES;
				IPHONEOS_DEPLOYMENT_TARGET = 12.1;
				MTL_ENABLE_DEBUG_INFO = NO;
				MTL_FAST_MATH = YES;
				SDKROOT = iphoneos;
				SWIFT_COMPILATION_MODE = wholemodule;
				SWIFT_OPTIMIZATION_LEVEL = "-O";
				VALIDATE_PRODUCT = YES;
			};
			name = Release;
		};
		C947ADEE231FF6C700B6CB55 /* Debug */ = {
			isa = XCBuildConfiguration;
			buildSettings = {
				ASSETCATALOG_COMPILER_APPICON_NAME = AppIcon;
				CODE_SIGN_STYLE = Automatic;
				DEVELOPMENT_TEAM = 6W6982L5G8;
				INFOPLIST_FILE = ToDoAppProj/Info.plist;
				IPHONEOS_DEPLOYMENT_TARGET = 12.1;
				LD_RUNPATH_SEARCH_PATHS = (
					"$(inherited)",
					"@executable_path/Frameworks",
				);
				PRODUCT_BUNDLE_IDENTIFIER = test.ToDoAppProj;
				PRODUCT_NAME = "$(TARGET_NAME)";
				SWIFT_VERSION = 4.2;
				TARGETED_DEVICE_FAMILY = "1,2";
			};
			name = Debug;
		};
		C947ADEF231FF6C700B6CB55 /* Release */ = {
			isa = XCBuildConfiguration;
			buildSettings = {
				ASSETCATALOG_COMPILER_APPICON_NAME = AppIcon;
				CODE_SIGN_STYLE = Automatic;
				DEVELOPMENT_TEAM = 6W6982L5G8;
				INFOPLIST_FILE = ToDoAppProj/Info.plist;
				IPHONEOS_DEPLOYMENT_TARGET = 12.1;
				LD_RUNPATH_SEARCH_PATHS = (
					"$(inherited)",
					"@executable_path/Frameworks",
				);
				PRODUCT_BUNDLE_IDENTIFIER = test.ToDoAppProj;
				PRODUCT_NAME = "$(TARGET_NAME)";
				SWIFT_VERSION = 4.2;
				TARGETED_DEVICE_FAMILY = "1,2";
			};
			name = Release;
		};
/* End XCBuildConfiguration section */

/* Begin XCConfigurationList section */
		C947ADD6231FF6C500B6CB55 /* Build configuration list for PBXProject "ToDoAppProj" */ = {
			isa = XCConfigurationList;
			buildConfigurations = (
				C947ADEB231FF6C700B6CB55 /* Debug */,
				C947ADEC231FF6C700B6CB55 /* Release */,
			);
			defaultConfigurationIsVisible = 0;
			defaultConfigurationName = Release;
		};
		C947ADED231FF6C700B6CB55 /* Build configuration list for PBXNativeTarget "ToDoAppProj" */ = {
			isa = XCConfigurationList;
			buildConfigurations = (
				C947ADEE231FF6C700B6CB55 /* Debug */,
				C947ADEF231FF6C700B6CB55 /* Release */,
			);
			defaultConfigurationIsVisible = 0;
			defaultConfigurationName = Release;
		};
/* End XCConfigurationList section */

/* Begin XCVersionGroup section */
		C97102DA232007060090A8E6 /* ToDoApp.xcdatamodeld */ = {
			isa = XCVersionGroup;
			children = (
				C97102DB232007060090A8E6 /* Task.xcdatamodel */,
			);
			currentVersion = C97102DB232007060090A8E6 /* Task.xcdatamodel */;
			path = ToDoApp.xcdatamodeld;
			sourceTree = "<group>";
			versionGroupType = wrapper.xcdatamodel;
		};
/* End XCVersionGroup section */
	};
	rootObject = C947ADD3231FF6C500B6CB55 /* Project object */;
}
